// !$*UTF8*$!
{
	archiveVersion = 1;
	classes = {
	};
	objectVersion = 77;
	objects = {

/* Begin PBXContainerItemProxy section */
		7F2772722D56F8FC00638AD2 /* PBXContainerItemProxy */ = {
			isa = PBXContainerItemProxy;
			containerPortal = 7F2772562D56F8FB00638AD2 /* Project object */;
			proxyType = 1;
			remoteGlobalIDString = 7F27725D2D56F8FB00638AD2;
			remoteInfo = "twitch-menubar";
		};
		7F27727C2D56F8FC00638AD2 /* PBXContainerItemProxy */ = {
			isa = PBXContainerItemProxy;
			containerPortal = 7F2772562D56F8FB00638AD2 /* Project object */;
			proxyType = 1;
			remoteGlobalIDString = 7F27725D2D56F8FB00638AD2;
			remoteInfo = "twitch-menubar";
		};
/* End PBXContainerItemProxy section */

/* Begin PBXFileReference section */
		7F27725E2D56F8FB00638AD2 /* twitch-menubar.app */ = {isa = PBXFileReference; explicitFileType = wrapper.application; includeInIndex = 0; path = "twitch-menubar.app"; sourceTree = BUILT_PRODUCTS_DIR; };
		7F2772712D56F8FC00638AD2 /* twitch-menubarTests.xctest */ = {isa = PBXFileReference; explicitFileType = wrapper.cfbundle; includeInIndex = 0; path = "twitch-menubarTests.xctest"; sourceTree = BUILT_PRODUCTS_DIR; };
		7F27727B2D56F8FC00638AD2 /* twitch-menubarUITests.xctest */ = {isa = PBXFileReference; explicitFileType = wrapper.cfbundle; includeInIndex = 0; path = "twitch-menubarUITests.xctest"; sourceTree = BUILT_PRODUCTS_DIR; };
/* End PBXFileReference section */

/* Begin PBXFileSystemSynchronizedRootGroup section */
		7F2772602D56F8FB00638AD2 /* twitch-menubar */ = {
			isa = PBXFileSystemSynchronizedRootGroup;
			path = "twitch-menubar";
			sourceTree = "<group>";
		};
		7F2772742D56F8FC00638AD2 /* twitch-menubarTests */ = {
			isa = PBXFileSystemSynchronizedRootGroup;
			path = "twitch-menubarTests";
			sourceTree = "<group>";
		};
		7F27727E2D56F8FC00638AD2 /* twitch-menubarUITests */ = {
			isa = PBXFileSystemSynchronizedRootGroup;
			path = "twitch-menubarUITests";
			sourceTree = "<group>";
		};
/* End PBXFileSystemSynchronizedRootGroup section */

/* Begin PBXFrameworksBuildPhase section */
		7F27725B2D56F8FB00638AD2 /* Frameworks */ = {
			isa = PBXFrameworksBuildPhase;
			buildActionMask = 2147483647;
			files = (
			);
			runOnlyForDeploymentPostprocessing = 0;
		};
		7F27726E2D56F8FC00638AD2 /* Frameworks */ = {
			isa = PBXFrameworksBuildPhase;
			buildActionMask = 2147483647;
			files = (
			);
			runOnlyForDeploymentPostprocessing = 0;
		};
		7F2772782D56F8FC00638AD2 /* Frameworks */ = {
			isa = PBXFrameworksBuildPhase;
			buildActionMask = 2147483647;
			files = (
			);
			runOnlyForDeploymentPostprocessing = 0;
		};
/* End PBXFrameworksBuildPhase section */

/* Begin PBXGroup section */
		7F2772552D56F8FB00638AD2 = {
			isa = PBXGroup;
			children = (
				7F2772602D56F8FB00638AD2 /* twitch-menubar */,
				7F2772742D56F8FC00638AD2 /* twitch-menubarTests */,
				7F27727E2D56F8FC00638AD2 /* twitch-menubarUITests */,
				7F27725F2D56F8FB00638AD2 /* Products */,
			);
			sourceTree = "<group>";
		};
		7F27725F2D56F8FB00638AD2 /* Products */ = {
			isa = PBXGroup;
			children = (
				7F27725E2D56F8FB00638AD2 /* twitch-menubar.app */,
				7F2772712D56F8FC00638AD2 /* twitch-menubarTests.xctest */,
				7F27727B2D56F8FC00638AD2 /* twitch-menubarUITests.xctest */,
			);
			name = Products;
			sourceTree = "<group>";
		};
/* End PBXGroup section */

/* Begin PBXNativeTarget section */
		7F27725D2D56F8FB00638AD2 /* twitch-menubar */ = {
			isa = PBXNativeTarget;
			buildConfigurationList = 7F2772852D56F8FC00638AD2 /* Build configuration list for PBXNativeTarget "twitch-menubar" */;
			buildPhases = (
				7F27725A2D56F8FB00638AD2 /* Sources */,
				7F27725B2D56F8FB00638AD2 /* Frameworks */,
				7F27725C2D56F8FB00638AD2 /* Resources */,
			);
			buildRules = (
			);
			dependencies = (
			);
			fileSystemSynchronizedGroups = (
				7F2772602D56F8FB00638AD2 /* twitch-menubar */,
			);
			name = "twitch-menubar";
			packageProductDependencies = (
			);
			productName = "twitch-menubar";
			productReference = 7F27725E2D56F8FB00638AD2 /* twitch-menubar.app */;
			productType = "com.apple.product-type.application";
		};
		7F2772702D56F8FC00638AD2 /* twitch-menubarTests */ = {
			isa = PBXNativeTarget;
			buildConfigurationList = 7F2772882D56F8FC00638AD2 /* Build configuration list for PBXNativeTarget "twitch-menubarTests" */;
			buildPhases = (
				7F27726D2D56F8FC00638AD2 /* Sources */,
				7F27726E2D56F8FC00638AD2 /* Frameworks */,
				7F27726F2D56F8FC00638AD2 /* Resources */,
			);
			buildRules = (
			);
			dependencies = (
				7F2772732D56F8FC00638AD2 /* PBXTargetDependency */,
			);
			fileSystemSynchronizedGroups = (
				7F2772742D56F8FC00638AD2 /* twitch-menubarTests */,
			);
			name = "twitch-menubarTests";
			packageProductDependencies = (
			);
			productName = "twitch-menubarTests";
			productReference = 7F2772712D56F8FC00638AD2 /* twitch-menubarTests.xctest */;
			productType = "com.apple.product-type.bundle.unit-test";
		};
		7F27727A2D56F8FC00638AD2 /* twitch-menubarUITests */ = {
			isa = PBXNativeTarget;
			buildConfigurationList = 7F27728B2D56F8FC00638AD2 /* Build configuration list for PBXNativeTarget "twitch-menubarUITests" */;
			buildPhases = (
				7F2772772D56F8FC00638AD2 /* Sources */,
				7F2772782D56F8FC00638AD2 /* Frameworks */,
				7F2772792D56F8FC00638AD2 /* Resources */,
			);
			buildRules = (
			);
			dependencies = (
				7F27727D2D56F8FC00638AD2 /* PBXTargetDependency */,
			);
			fileSystemSynchronizedGroups = (
				7F27727E2D56F8FC00638AD2 /* twitch-menubarUITests */,
			);
			name = "twitch-menubarUITests";
			packageProductDependencies = (
			);
			productName = "twitch-menubarUITests";
			productReference = 7F27727B2D56F8FC00638AD2 /* twitch-menubarUITests.xctest */;
			productType = "com.apple.product-type.bundle.ui-testing";
		};
/* End PBXNativeTarget section */

/* Begin PBXProject section */
		7F2772562D56F8FB00638AD2 /* Project object */ = {
			isa = PBXProject;
			attributes = {
				BuildIndependentTargetsInParallel = 1;
				LastSwiftUpdateCheck = 1620;
				LastUpgradeCheck = 1620;
				TargetAttributes = {
					7F27725D2D56F8FB00638AD2 = {
						CreatedOnToolsVersion = 16.2;
					};
					7F2772702D56F8FC00638AD2 = {
						CreatedOnToolsVersion = 16.2;
						TestTargetID = 7F27725D2D56F8FB00638AD2;
					};
					7F27727A2D56F8FC00638AD2 = {
						CreatedOnToolsVersion = 16.2;
						TestTargetID = 7F27725D2D56F8FB00638AD2;
					};
				};
			};
			buildConfigurationList = 7F2772592D56F8FB00638AD2 /* Build configuration list for PBXProject "twitch-menubar" */;
			developmentRegion = en;
			hasScannedForEncodings = 0;
			knownRegions = (
				en,
				Base,
			);
			mainGroup = 7F2772552D56F8FB00638AD2;
			minimizedProjectReferenceProxies = 1;
			preferredProjectObjectVersion = 77;
			productRefGroup = 7F27725F2D56F8FB00638AD2 /* Products */;
			projectDirPath = "";
			projectRoot = "";
			targets = (
				7F27725D2D56F8FB00638AD2 /* twitch-menubar */,
				7F2772702D56F8FC00638AD2 /* twitch-menubarTests */,
				7F27727A2D56F8FC00638AD2 /* twitch-menubarUITests */,
			);
		};
/* End PBXProject section */

/* Begin PBXResourcesBuildPhase section */
		7F27725C2D56F8FB00638AD2 /* Resources */ = {
			isa = PBXResourcesBuildPhase;
			buildActionMask = 2147483647;
			files = (
			);
			runOnlyForDeploymentPostprocessing = 0;
		};
		7F27726F2D56F8FC00638AD2 /* Resources */ = {
			isa = PBXResourcesBuildPhase;
			buildActionMask = 2147483647;
			files = (
			);
			runOnlyForDeploymentPostprocessing = 0;
		};
		7F2772792D56F8FC00638AD2 /* Resources */ = {
			isa = PBXResourcesBuildPhase;
			buildActionMask = 2147483647;
			files = (
			);
			runOnlyForDeploymentPostprocessing = 0;
		};
/* End PBXResourcesBuildPhase section */

/* Begin PBXSourcesBuildPhase section */
		7F27725A2D56F8FB00638AD2 /* Sources */ = {
			isa = PBXSourcesBuildPhase;
			buildActionMask = 2147483647;
			files = (
			);
			runOnlyForDeploymentPostprocessing = 0;
		};
		7F27726D2D56F8FC00638AD2 /* Sources */ = {
			isa = PBXSourcesBuildPhase;
			buildActionMask = 2147483647;
			files = (
			);
			runOnlyForDeploymentPostprocessing = 0;
		};
		7F2772772D56F8FC00638AD2 /* Sources */ = {
			isa = PBXSourcesBuildPhase;
			buildActionMask = 2147483647;
			files = (
			);
			runOnlyForDeploymentPostprocessing = 0;
		};
/* End PBXSourcesBuildPhase section */

/* Begin PBXTargetDependency section */
		7F2772732D56F8FC00638AD2 /* PBXTargetDependency */ = {
			isa = PBXTargetDependency;
			target = 7F27725D2D56F8FB00638AD2 /* twitch-menubar */;
			targetProxy = 7F2772722D56F8FC00638AD2 /* PBXContainerItemProxy */;
		};
		7F27727D2D56F8FC00638AD2 /* PBXTargetDependency */ = {
			isa = PBXTargetDependency;
			target = 7F27725D2D56F8FB00638AD2 /* twitch-menubar */;
			targetProxy = 7F27727C2D56F8FC00638AD2 /* PBXContainerItemProxy */;
		};
/* End PBXTargetDependency section */

/* Begin XCBuildConfiguration section */
		7F2772832D56F8FC00638AD2 /* Debug */ = {
			isa = XCBuildConfiguration;
			buildSettings = {
				ALWAYS_SEARCH_USER_PATHS = NO;
				ASSETCATALOG_COMPILER_GENERATE_SWIFT_ASSET_SYMBOL_EXTENSIONS = YES;
				CLANG_ANALYZER_NONNULL = YES;
				CLANG_ANALYZER_NUMBER_OBJECT_CONVERSION = YES_AGGRESSIVE;
				CLANG_CXX_LANGUAGE_STANDARD = "gnu++20";
				CLANG_ENABLE_MODULES = YES;
				CLANG_ENABLE_OBJC_ARC = YES;
				CLANG_ENABLE_OBJC_WEAK = YES;
				CLANG_WARN_BLOCK_CAPTURE_AUTORELEASING = YES;
				CLANG_WARN_BOOL_CONVERSION = YES;
				CLANG_WARN_COMMA = YES;
				CLANG_WARN_CONSTANT_CONVERSION = YES;
				CLANG_WARN_DEPRECATED_OBJC_IMPLEMENTATIONS = YES;
				CLANG_WARN_DIRECT_OBJC_ISA_USAGE = YES_ERROR;
				CLANG_WARN_DOCUMENTATION_COMMENTS = YES;
				CLANG_WARN_EMPTY_BODY = YES;
				CLANG_WARN_ENUM_CONVERSION = YES;
				CLANG_WARN_INFINITE_RECURSION = YES;
				CLANG_WARN_INT_CONVERSION = YES;
				CLANG_WARN_NON_LITERAL_NULL_CONVERSION = YES;
				CLANG_WARN_OBJC_IMPLICIT_RETAIN_SELF = YES;
				CLANG_WARN_OBJC_LITERAL_CONVERSION = YES;
				CLANG_WARN_OBJC_ROOT_CLASS = YES_ERROR;
				CLANG_WARN_QUOTED_INCLUDE_IN_FRAMEWORK_HEADER = YES;
				CLANG_WARN_RANGE_LOOP_ANALYSIS = YES;
				CLANG_WARN_STRICT_PROTOTYPES = YES;
				CLANG_WARN_SUSPICIOUS_MOVE = YES;
				CLANG_WARN_UNGUARDED_AVAILABILITY = YES_AGGRESSIVE;
				CLANG_WARN_UNREACHABLE_CODE = YES;
				CLANG_WARN__DUPLICATE_METHOD_MATCH = YES;
				COPY_PHASE_STRIP = NO;
				DEBUG_INFORMATION_FORMAT = dwarf;
				ENABLE_STRICT_OBJC_MSGSEND = YES;
				ENABLE_TESTABILITY = YES;
				ENABLE_USER_SCRIPT_SANDBOXING = YES;
				GCC_C_LANGUAGE_STANDARD = gnu17;
				GCC_DYNAMIC_NO_PIC = NO;
				GCC_NO_COMMON_BLOCKS = YES;
				GCC_OPTIMIZATION_LEVEL = 0;
				GCC_PREPROCESSOR_DEFINITIONS = (
					"DEBUG=1",
					"$(inherited)",
				);
				GCC_WARN_64_TO_32_BIT_CONVERSION = YES;
				GCC_WARN_ABOUT_RETURN_TYPE = YES_ERROR;
				GCC_WARN_UNDECLARED_SELECTOR = YES;
				GCC_WARN_UNINITIALIZED_AUTOS = YES_AGGRESSIVE;
				GCC_WARN_UNUSED_FUNCTION = YES;
				GCC_WARN_UNUSED_VARIABLE = YES;
				LOCALIZATION_PREFERS_STRING_CATALOGS = YES;
				MACOSX_DEPLOYMENT_TARGET = 15.2;
				MTL_ENABLE_DEBUG_INFO = INCLUDE_SOURCE;
				MTL_FAST_MATH = YES;
				ONLY_ACTIVE_ARCH = YES;
				SDKROOT = macosx;
				SWIFT_ACTIVE_COMPILATION_CONDITIONS = "DEBUG $(inherited)";
				SWIFT_OPTIMIZATION_LEVEL = "-Onone";
			};
			name = Debug;
		};
		7F2772842D56F8FC00638AD2 /* Release */ = {
			isa = XCBuildConfiguration;
			buildSettings = {
				ALWAYS_SEARCH_USER_PATHS = NO;
				ASSETCATALOG_COMPILER_GENERATE_SWIFT_ASSET_SYMBOL_EXTENSIONS = YES;
				CLANG_ANALYZER_NONNULL = YES;
				CLANG_ANALYZER_NUMBER_OBJECT_CONVERSION = YES_AGGRESSIVE;
				CLANG_CXX_LANGUAGE_STANDARD = "gnu++20";
				CLANG_ENABLE_MODULES = YES;
				CLANG_ENABLE_OBJC_ARC = YES;
				CLANG_ENABLE_OBJC_WEAK = YES;
				CLANG_WARN_BLOCK_CAPTURE_AUTORELEASING = YES;
				CLANG_WARN_BOOL_CONVERSION = YES;
				CLANG_WARN_COMMA = YES;
				CLANG_WARN_CONSTANT_CONVERSION = YES;
				CLANG_WARN_DEPRECATED_OBJC_IMPLEMENTATIONS = YES;
				CLANG_WARN_DIRECT_OBJC_ISA_USAGE = YES_ERROR;
				CLANG_WARN_DOCUMENTATION_COMMENTS = YES;
				CLANG_WARN_EMPTY_BODY = YES;
				CLANG_WARN_ENUM_CONVERSION = YES;
				CLANG_WARN_INFINITE_RECURSION = YES;
				CLANG_WARN_INT_CONVERSION = YES;
				CLANG_WARN_NON_LITERAL_NULL_CONVERSION = YES;
				CLANG_WARN_OBJC_IMPLICIT_RETAIN_SELF = YES;
				CLANG_WARN_OBJC_LITERAL_CONVERSION = YES;
				CLANG_WARN_OBJC_ROOT_CLASS = YES_ERROR;
				CLANG_WARN_QUOTED_INCLUDE_IN_FRAMEWORK_HEADER = YES;
				CLANG_WARN_RANGE_LOOP_ANALYSIS = YES;
				CLANG_WARN_STRICT_PROTOTYPES = YES;
				CLANG_WARN_SUSPICIOUS_MOVE = YES;
				CLANG_WARN_UNGUARDED_AVAILABILITY = YES_AGGRESSIVE;
				CLANG_WARN_UNREACHABLE_CODE = YES;
				CLANG_WARN__DUPLICATE_METHOD_MATCH = YES;
				COPY_PHASE_STRIP = NO;
				DEBUG_INFORMATION_FORMAT = "dwarf-with-dsym";
				ENABLE_NS_ASSERTIONS = NO;
				ENABLE_STRICT_OBJC_MSGSEND = YES;
				ENABLE_USER_SCRIPT_SANDBOXING = YES;
				GCC_C_LANGUAGE_STANDARD = gnu17;
				GCC_NO_COMMON_BLOCKS = YES;
				GCC_WARN_64_TO_32_BIT_CONVERSION = YES;
				GCC_WARN_ABOUT_RETURN_TYPE = YES_ERROR;
				GCC_WARN_UNDECLARED_SELECTOR = YES;
				GCC_WARN_UNINITIALIZED_AUTOS = YES_AGGRESSIVE;
				GCC_WARN_UNUSED_FUNCTION = YES;
				GCC_WARN_UNUSED_VARIABLE = YES;
				LOCALIZATION_PREFERS_STRING_CATALOGS = YES;
				MACOSX_DEPLOYMENT_TARGET = 15.2;
				MTL_ENABLE_DEBUG_INFO = NO;
				MTL_FAST_MATH = YES;
				SDKROOT = macosx;
				SWIFT_COMPILATION_MODE = wholemodule;
			};
			name = Release;
		};
		7F2772862D56F8FC00638AD2 /* Debug */ = {
			isa = XCBuildConfiguration;
			buildSettings = {
				ASSETCATALOG_COMPILER_APPICON_NAME = AppIcon;
				ASSETCATALOG_COMPILER_GLOBAL_ACCENT_COLOR_NAME = AccentColor;
				CODE_SIGN_ENTITLEMENTS = "twitch-menubar/twitch_menubar.entitlements";
				CODE_SIGN_STYLE = Automatic;
				COMBINE_HIDPI_IMAGES = YES;
				CURRENT_PROJECT_VERSION = 1;
				DEVELOPMENT_ASSET_PATHS = "\"twitch-menubar/Preview Content\"";
				DEVELOPMENT_TEAM = 7AMV998SSP;
				ENABLE_HARDENED_RUNTIME = YES;
				ENABLE_PREVIEWS = YES;
				GENERATE_INFOPLIST_FILE = YES;
				INFOPLIST_KEY_NSHumanReadableCopyright = "";
				LD_RUNPATH_SEARCH_PATHS = (
					"$(inherited)",
					"@executable_path/../Frameworks",
				);
				MACOSX_DEPLOYMENT_TARGET = 14.0;
				MARKETING_VERSION = 1.0;
				PRODUCT_BUNDLE_IDENTIFIER = "boopdotpng.twitch-menubar";
				PRODUCT_NAME = "$(TARGET_NAME)";
				SWIFT_EMIT_LOC_STRINGS = YES;
				SWIFT_VERSION = 5.0;
			};
			name = Debug;
		};
		7F2772872D56F8FC00638AD2 /* Release */ = {
			isa = XCBuildConfiguration;
			buildSettings = {
				ASSETCATALOG_COMPILER_APPICON_NAME = AppIcon;
				ASSETCATALOG_COMPILER_GLOBAL_ACCENT_COLOR_NAME = AccentColor;
				CODE_SIGN_ENTITLEMENTS = "twitch-menubar/twitch_menubar.entitlements";
				CODE_SIGN_STYLE = Automatic;
				COMBINE_HIDPI_IMAGES = YES;
				CURRENT_PROJECT_VERSION = 1;
				DEVELOPMENT_ASSET_PATHS = "\"twitch-menubar/Preview Content\"";
				DEVELOPMENT_TEAM = 7AMV998SSP;
				ENABLE_HARDENED_RUNTIME = YES;
				ENABLE_PREVIEWS = YES;
				GENERATE_INFOPLIST_FILE = YES;
				INFOPLIST_KEY_NSHumanReadableCopyright = "";
				LD_RUNPATH_SEARCH_PATHS = (
					"$(inherited)",
					"@executable_path/../Frameworks",
				);
				MACOSX_DEPLOYMENT_TARGET = 14.0;
				MARKETING_VERSION = 1.0;
				PRODUCT_BUNDLE_IDENTIFIER = "boopdotpng.twitch-menubar";
				PRODUCT_NAME = "$(TARGET_NAME)";
				SWIFT_EMIT_LOC_STRINGS = YES;
				SWIFT_VERSION = 5.0;
			};
			name = Release;
		};
		7F2772892D56F8FC00638AD2 /* Debug */ = {
			isa = XCBuildConfiguration;
			buildSettings = {
				BUNDLE_LOADER = "$(TEST_HOST)";
				CODE_SIGN_STYLE = Automatic;
				CURRENT_PROJECT_VERSION = 1;
				DEVELOPMENT_TEAM = 7AMV998SSP;
				GENERATE_INFOPLIST_FILE = YES;
				MACOSX_DEPLOYMENT_TARGET = 14.0;
				MARKETING_VERSION = 1.0;
				PRODUCT_BUNDLE_IDENTIFIER = "boopdotpng.twitch-menubarTests";
				PRODUCT_NAME = "$(TARGET_NAME)";
				SWIFT_EMIT_LOC_STRINGS = NO;
				SWIFT_VERSION = 5.0;
				TEST_HOST = "$(BUILT_PRODUCTS_DIR)/twitch-menubar.app/$(BUNDLE_EXECUTABLE_FOLDER_PATH)/twitch-menubar";
			};
			name = Debug;
		};
		7F27728A2D56F8FC00638AD2 /* Release */ = {
			isa = XCBuildConfiguration;
			buildSettings = {
				BUNDLE_LOADER = "$(TEST_HOST)";
				CODE_SIGN_STYLE = Automatic;
				CURRENT_PROJECT_VERSION = 1;
				DEVELOPMENT_TEAM = 7AMV998SSP;
				GENERATE_INFOPLIST_FILE = YES;
				MACOSX_DEPLOYMENT_TARGET = 14.0;
				MARKETING_VERSION = 1.0;
				PRODUCT_BUNDLE_IDENTIFIER = "boopdotpng.twitch-menubarTests";
				PRODUCT_NAME = "$(TARGET_NAME)";
				SWIFT_EMIT_LOC_STRINGS = NO;
				SWIFT_VERSION = 5.0;
				TEST_HOST = "$(BUILT_PRODUCTS_DIR)/twitch-menubar.app/$(BUNDLE_EXECUTABLE_FOLDER_PATH)/twitch-menubar";
			};
			name = Release;
		};
		7F27728C2D56F8FC00638AD2 /* Debug */ = {
			isa = XCBuildConfiguration;
			buildSettings = {
				CODE_SIGN_STYLE = Automatic;
				CURRENT_PROJECT_VERSION = 1;
				DEVELOPMENT_TEAM = 7AMV998SSP;
				GENERATE_INFOPLIST_FILE = YES;
				MARKETING_VERSION = 1.0;
				PRODUCT_BUNDLE_IDENTIFIER = "boopdotpng.twitch-menubarUITests";
				PRODUCT_NAME = "$(TARGET_NAME)";
				SWIFT_EMIT_LOC_STRINGS = NO;
				SWIFT_VERSION = 5.0;
				TEST_TARGET_NAME = "twitch-menubar";
			};
			name = Debug;
		};
		7F27728D2D56F8FC00638AD2 /* Release */ = {
			isa = XCBuildConfiguration;
			buildSettings = {
				CODE_SIGN_STYLE = Automatic;
				CURRENT_PROJECT_VERSION = 1;
				DEVELOPMENT_TEAM = 7AMV998SSP;
				GENERATE_INFOPLIST_FILE = YES;
				MARKETING_VERSION = 1.0;
				PRODUCT_BUNDLE_IDENTIFIER = "boopdotpng.twitch-menubarUITests";
				PRODUCT_NAME = "$(TARGET_NAME)";
				SWIFT_EMIT_LOC_STRINGS = NO;
				SWIFT_VERSION = 5.0;
				TEST_TARGET_NAME = "twitch-menubar";
			};
			name = Release;
		};
/* End XCBuildConfiguration section */

/* Begin XCConfigurationList section */
		7F2772592D56F8FB00638AD2 /* Build configuration list for PBXProject "twitch-menubar" */ = {
			isa = XCConfigurationList;
			buildConfigurations = (
				7F2772832D56F8FC00638AD2 /* Debug */,
				7F2772842D56F8FC00638AD2 /* Release */,
			);
			defaultConfigurationIsVisible = 0;
			defaultConfigurationName = Release;
		};
		7F2772852D56F8FC00638AD2 /* Build configuration list for PBXNativeTarget "twitch-menubar" */ = {
			isa = XCConfigurationList;
			buildConfigurations = (
				7F2772862D56F8FC00638AD2 /* Debug */,
				7F2772872D56F8FC00638AD2 /* Release */,
			);
			defaultConfigurationIsVisible = 0;
			defaultConfigurationName = Release;
		};
		7F2772882D56F8FC00638AD2 /* Build configuration list for PBXNativeTarget "twitch-menubarTests" */ = {
			isa = XCConfigurationList;
			buildConfigurations = (
				7F2772892D56F8FC00638AD2 /* Debug */,
				7F27728A2D56F8FC00638AD2 /* Release */,
			);
			defaultConfigurationIsVisible = 0;
			defaultConfigurationName = Release;
		};
		7F27728B2D56F8FC00638AD2 /* Build configuration list for PBXNativeTarget "twitch-menubarUITests" */ = {
			isa = XCConfigurationList;
			buildConfigurations = (
				7F27728C2D56F8FC00638AD2 /* Debug */,
				7F27728D2D56F8FC00638AD2 /* Release */,
			);
			defaultConfigurationIsVisible = 0;
			defaultConfigurationName = Release;
		};
/* End XCConfigurationList section */
	};
	rootObject = 7F2772562D56F8FB00638AD2 /* Project object */;
}
